
Microsoft Visual Studio Solution File, Format Version 12.00
# Visual Studio Version 16
VisualStudioVersion = 16.0.810.25
MinimumVisualStudioVersion = 10.0.40219.1
Project("{FAE04EC0-301F-11D3-BF4B-00C04F79EFBC}") = "Logica", "Logica\Logica.csproj", "{9F063A83-8603-482A-AD80-50CE2F73BFED}"
EndProject
Project("{FAE04EC0-301F-11D3-BF4B-00C04F79EFBC}") = "WebServices", "WebServices\WebServices.csproj", "{D3624C21-9328-451B-A53D-91B30D3DBE96}"
EndProject
Project("{9A19103F-16F7-4668-BE54-9A1E7A4F7556}") = "Cliente", "Cliente\Cliente.csproj", "{431B51C3-945A-45B2-BCD6-759E4713C17C}"
EndProject
Project("{FAE04EC0-301F-11D3-BF4B-00C04F79EFBC}") = "Persistencia", "Persistencia\Persistencia.csproj", "{6DED5EE6-5BD0-4BF0-841C-AB6D172D3490}"
EndProject
Project("{FAE04EC0-301F-11D3-BF4B-00C04F79EFBC}") = "VOS", "VOS\VOS.csproj", "{8F197068-B307-46B0-A854-575F3A9306A5}"
EndProject
Project("{FAE04EC0-301F-11D3-BF4B-00C04F79EFBC}") = "WebApi", "WebApi\WebApi.csproj", "{BF7B4699-AAA1-4CC9-A612-B28CECA903EF}"
EndProject
Project("{FAE04EC0-301F-11D3-BF4B-00C04F79EFBC}") = "ClienteConsola", "ClienteConsola\ClienteConsola.csproj", "{1422E3CB-C6DC-4FA9-9E39-193EB914259B}"
EndProject
Global
	GlobalSection(SolutionConfigurationPlatforms) = preSolution
		Debug|Any CPU = Debug|Any CPU
		Release|Any CPU = Release|Any CPU
	EndGlobalSection
	GlobalSection(ProjectConfigurationPlatforms) = postSolution
		{9F063A83-8603-482A-AD80-50CE2F73BFED}.Debug|Any CPU.ActiveCfg = Debug|Any CPU
		{9F063A83-8603-482A-AD80-50CE2F73BFED}.Debug|Any CPU.Build.0 = Debug|Any CPU
		{9F063A83-8603-482A-AD80-50CE2F73BFED}.Release|Any CPU.ActiveCfg = Release|Any CPU
		{9F063A83-8603-482A-AD80-50CE2F73BFED}.Release|Any CPU.Build.0 = Release|Any CPU
		{D3624C21-9328-451B-A53D-91B30D3DBE96}.Debug|Any CPU.ActiveCfg = Debug|Any CPU
		{D3624C21-9328-451B-A53D-91B30D3DBE96}.Debug|Any CPU.Build.0 = Debug|Any CPU
		{D3624C21-9328-451B-A53D-91B30D3DBE96}.Release|Any CPU.ActiveCfg = Release|Any CPU
		{D3624C21-9328-451B-A53D-91B30D3DBE96}.Release|Any CPU.Build.0 = Release|Any CPU
		{431B51C3-945A-45B2-BCD6-759E4713C17C}.Debug|Any CPU.ActiveCfg = Debug|Any CPU
		{431B51C3-945A-45B2-BCD6-759E4713C17C}.Debug|Any CPU.Build.0 = Debug|Any CPU
		{431B51C3-945A-45B2-BCD6-759E4713C17C}.Release|Any CPU.ActiveCfg = Release|Any CPU
		{431B51C3-945A-45B2-BCD6-759E4713C17C}.Release|Any CPU.Build.0 = Release|Any CPU
		{6DED5EE6-5BD0-4BF0-841C-AB6D172D3490}.Debug|Any CPU.ActiveCfg = Debug|Any CPU
		{6DED5EE6-5BD0-4BF0-841C-AB6D172D3490}.Debug|Any CPU.Build.0 = Debug|Any CPU
		{6DED5EE6-5BD0-4BF0-841C-AB6D172D3490}.Release|Any CPU.ActiveCfg = Release|Any CPU
		{6DED5EE6-5BD0-4BF0-841C-AB6D172D3490}.Release|Any CPU.Build.0 = Release|Any CPU
		{8F197068-B307-46B0-A854-575F3A9306A5}.Debug|Any CPU.ActiveCfg = Debug|Any CPU
		{8F197068-B307-46B0-A854-575F3A9306A5}.Debug|Any CPU.Build.0 = Debug|Any CPU
		{8F197068-B307-46B0-A854-575F3A9306A5}.Release|Any CPU.ActiveCfg = Release|Any CPU
		{8F197068-B307-46B0-A854-575F3A9306A5}.Release|Any CPU.Build.0 = Release|Any CPU
		{BF7B4699-AAA1-4CC9-A612-B28CECA903EF}.Debug|Any CPU.ActiveCfg = Debug|Any CPU
		{BF7B4699-AAA1-4CC9-A612-B28CECA903EF}.Debug|Any CPU.Build.0 = Debug|Any CPU
		{BF7B4699-AAA1-4CC9-A612-B28CECA903EF}.Release|Any CPU.ActiveCfg = Release|Any CPU
		{BF7B4699-AAA1-4CC9-A612-B28CECA903EF}.Release|Any CPU.Build.0 = Release|Any CPU
		{1422E3CB-C6DC-4FA9-9E39-193EB914259B}.Debug|Any CPU.ActiveCfg = Debug|Any CPU
		{1422E3CB-C6DC-4FA9-9E39-193EB914259B}.Debug|Any CPU.Build.0 = Debug|Any CPU
		{1422E3CB-C6DC-4FA9-9E39-193EB914259B}.Release|Any CPU.ActiveCfg = Release|Any CPU
		{1422E3CB-C6DC-4FA9-9E39-193EB914259B}.Release|Any CPU.Build.0 = Release|Any CPU
	EndGlobalSection
	GlobalSection(SolutionProperties) = preSolution
		HideSolutionNode = FALSE
	EndGlobalSection
	GlobalSection(ExtensibilityGlobals) = postSolution
		SolutionGuid = {E5303441-9CB9-4332-9810-46DA82EDCF25}
	EndGlobalSection
EndGlobal
